{
  "name": "myskillslab",
  "version": "1.0.0",
  "lockfileVersion": 3,
  "requires": true,
  "packages": {
    "": {
      "name": "myskillslab",
      "version": "1.0.0",
      "license": "ISC",
      "dependencies": {
        "@bosch/frontend.kit-npm": "4.2.0"
      }
    },
    "node_modules/@bosch/bdds.tokens-npm": {
      "version": "1.1.0",
      "resolved": "https://artifactory.boschdevcloud.com/artifactory/api/npm/lab000089-npm-release-local/@bosch/bdds-tokens/-/@bosch/bdds.tokens-npm-1.1.0.tgz",
      "integrity": "sha512-U+zXESY60SZVrFsR/NFqHvUFgag0dnlwE6/y46HItn3FVyBI/MLnFRb35FYmkcsZ8ZfeaBD47j6Mg7iXmSxgww==",
      "engines": {
        "node": ">=22.0.0",
        "pnpm": ">=9.14.x"
      }
    },
    "node_modules/@bosch/frontend.kit-npm": {
      "version": "4.2.0",
      "resolved": "https://artifactory.boschdevcloud.com/artifactory/api/npm/lab000089-npm-release-local/@bosch/frontend.kit-npm/-/@bosch/frontend.kit-npm-4.2.0.tgz",
      "integrity": "sha512-CS/v+W8ZyRvmayPBcok69t5jwjOWF1U4MMhRohS2sWjX52jsL9KwraNlYsdvJbo2LVmEqyp8ZyJdZRmgBSROsA==",
      "dependencies": {
        "@bosch/bdds.tokens-npm": "^1.1.0",
        "ansi-html": "0.0.9",
        "classnames": "^2.3.2",
        "core-js": "^3.30.2",
        "loader-utils": "3.2.1",
        "minimatch": "9.0.1",
        "normalize.css": "^8.0.1",
        "nth-check": "2.1.1"
      },
      "engines": {
        "node": ">=16.0.0",
        "yarn": ">=1.22.5"
      }
    },
    "node_modules/ansi-html": {
      "version": "0.0.9",
      "resolved": "https://registry.npmjs.org/ansi-html/-/ansi-html-0.0.9.tgz",
      "integrity": "sha512-ozbS3LuenHVxNRh/wdnN16QapUHzauqSomAl1jwwJRRsGwFwtj644lIhxfWu0Fy0acCij2+AEgHvjscq3dlVXg==",
      "engines": [
        "node >= 0.8.0"
      ],
      "license": "Apache-2.0",
      "bin": {
        "ansi-html": "bin/ansi-html"
      }
    },
    "node_modules/balanced-match": {
      "version": "1.0.2",
      "resolved": "https://registry.npmjs.org/balanced-match/-/balanced-match-1.0.2.tgz",
      "integrity": "sha512-3oSeUO0TMV67hN1AmbXsK4yaqU7tjiHlbxRDZOpH0KW9+CeX4bRAaX0Anxt0tx2MrpRpWwQaPwIlISEJhYU5Pw==",
      "license": "MIT"
    },
    "node_modules/boolbase": {
      "version": "1.0.0",
      "resolved": "https://registry.npmjs.org/boolbase/-/boolbase-1.0.0.tgz",
      "integrity": "sha512-JZOSA7Mo9sNGB8+UjSgzdLtokWAky1zbztM3WRLCbZ70/3cTANmQmOdR7y2g+J0e2WXywy1yS468tY+IruqEww==",
      "license": "ISC"
    },
    "node_modules/brace-expansion": {
      "version": "2.0.2",
      "resolved": "https://registry.npmjs.org/brace-expansion/-/brace-expansion-2.0.2.tgz",
      "integrity": "sha512-Jt0vHyM+jmUBqojB7E1NIYadt0vI0Qxjxd2TErW94wDz+E2LAm5vKMXXwg6ZZBTHPuUlDgQHKXvjGBdfcF1ZDQ==",
      "license": "MIT",
      "dependencies": {
        "balanced-match": "^1.0.0"
      }
    },
    "node_modules/classnames": {
      "version": "2.5.1",
      "resolved": "https://registry.npmjs.org/classnames/-/classnames-2.5.1.tgz",
      "integrity": "sha512-saHYOzhIQs6wy2sVxTM6bUDsQO4F50V9RQ22qBpEdCW+I+/Wmke2HOl6lS6dTpdxVhb88/I6+Hs+438c3lfUow==",
      "license": "MIT"
    },
    "node_modules/core-js": {
      "version": "3.47.0",
      "resolved": "https://registry.npmjs.org/core-js/-/core-js-3.47.0.tgz",
      "integrity": "sha512-c3Q2VVkGAUyupsjRnaNX6u8Dq2vAdzm9iuPj5FW0fRxzlxgq9Q39MDq10IvmQSpLgHQNyQzQmOo6bgGHmH3NNg==",
      "hasInstallScript": true,
      "license": "MIT",
      "funding": {
        "type": "opencollective",
        "url": "https://opencollective.com/core-js"
      }
    },
    "node_modules/loader-utils": {
      "version": "3.2.1",
      "resolved": "https://registry.npmjs.org/loader-utils/-/loader-utils-3.2.1.tgz",
      "integrity": "sha512-ZvFw1KWS3GVyYBYb7qkmRM/WwL2TQQBxgCK62rlvm4WpVQ23Nb4tYjApUlfjrEGvOs7KHEsmyUn75OHZrJMWPw==",
      "license": "MIT",
      "engines": {
        "node": ">= 12.13.0"
      }
    },
    "node_modules/minimatch": {
      "version": "9.0.1",
      "resolved": "https://registry.npmjs.org/minimatch/-/minimatch-9.0.1.tgz",
      "integrity": "sha512-0jWhJpD/MdhPXwPuiRkCbfYfSKp2qnn2eOc279qI7f+osl/l+prKSrvhg157zSYvx/1nmgn2NqdT6k2Z7zSH9w==",
      "license": "ISC",
      "dependencies": {
        "brace-expansion": "^2.0.1"
      },
      "engines": {
        "node": ">=16 || 14 >=14.17"
      },
      "funding": {
        "url": "https://github.com/sponsors/isaacs"
      }
    },
    "node_modules/normalize.css": {
      "version": "8.0.1",
      "resolved": "https://registry.npmjs.org/normalize.css/-/normalize.css-8.0.1.tgz",
      "integrity": "sha512-qizSNPO93t1YUuUhP22btGOo3chcvDFqFaj2TRybP0DMxkHOCTYwp3n34fel4a31ORXy4m1Xq0Gyqpb5m33qIg==",
      "license": "MIT"
    },
    "node_modules/nth-check": {
      "version": "2.1.1",
      "resolved": "https://registry.npmjs.org/nth-check/-/nth-check-2.1.1.tgz",
      "integrity": "sha512-lqjrjmaOoAnWfMmBPL+XNnynZh2+swxiX3WUE0s4yEHI6m+AwrK2UZOimIRl3X/4QctVqS8AiZjFqyOGrMXb/w==",
      "license": "BSD-2-Clause",
      "dependencies": {
        "boolbase": "^1.0.0"
      },
      "funding": {
        "url": "https://github.com/fb55/nth-check?sponsor=1"
      }
    }
  }
}
